
Microsoft Visual Studio Solution File, Format Version 12.00
# Visual Studio 2012
Project("{8BC9CEB8-8B4A-11D0-8D11-00A0C91BC942}") = "JenkinsTEST_CPP", "JenkinsTEST_CPP\JenkinsTEST_CPP.vcxproj", "{8BE414F7-77CC-4AA0-8263-5773CB5AADA2}"
EndProject
Global
	GlobalSection(SolutionConfigurationPlatforms) = preSolution
		Debug|Win32 = Debug|Win32
		Release|Win32 = Release|Win32
	EndGlobalSection
	GlobalSection(ProjectConfigurationPlatforms) = postSolution
		{8BE414F7-77CC-4AA0-8263-5773CB5AADA2}.Debug|Win32.ActiveCfg = Debug|Win32
		{8BE414F7-77CC-4AA0-8263-5773CB5AADA2}.Debug|Win32.Build.0 = Debug|Win32
		{8BE414F7-77CC-4AA0-8263-5773CB5AADA2}.Release|Win32.ActiveCfg = Release|Win32
		{8BE414F7-77CC-4AA0-8263-5773CB5AADA2}.Release|Win32.Build.0 = Release|Win32
	EndGlobalSection
	GlobalSection(SolutionProperties) = preSolution
		HideSolutionNode = FALSE
	EndGlobalSection
EndGlobal
